// !$*UTF8*$!
{
	archiveVersion = 1;
	classes = {
	};
	objectVersion = 46;
	objects = {

/* Begin PBXBuildFile section */
		891776881E63C8D10060A8C8 /* mb_laungh_placeholder.jpeg in Resources */ = {isa = PBXBuildFile; fileRef = 891776851E63C8D10060A8C8 /* mb_laungh_placeholder.jpeg */; };
		891776891E63C8D10060A8C8 /* timg.gif in Resources */ = {isa = PBXBuildFile; fileRef = 891776861E63C8D10060A8C8 /* timg.gif */; };
		8917768A1E63C8D10060A8C8 /* video.mp4 in Resources */ = {isa = PBXBuildFile; fileRef = 891776871E63C8D10060A8C8 /* video.mp4 */; };
		891776981E63C8F70060A8C8 /* MBCustomProgressView.m in Sources */ = {isa = PBXBuildFile; fileRef = 8917768D1E63C8F70060A8C8 /* MBCustomProgressView.m */; };
		891776991E63C8F70060A8C8 /* MBFullScreenLaunghViewController.m in Sources */ = {isa = PBXBuildFile; fileRef = 8917768F1E63C8F70060A8C8 /* MBFullScreenLaunghViewController.m */; };
		8917769A1E63C8F70060A8C8 /* MBImageObject.m in Sources */ = {isa = PBXBuildFile; fileRef = 891776911E63C8F70060A8C8 /* MBImageObject.m */; };
		8917769B1E63C8F70060A8C8 /* MBImagesLaunghViewController.m in Sources */ = {isa = PBXBuildFile; fileRef = 891776931E63C8F70060A8C8 /* MBImagesLaunghViewController.m */; };
		8917769C1E63C8F70060A8C8 /* MBMoviePlayerViewController.m in Sources */ = {isa = PBXBuildFile; fileRef = 891776951E63C8F70060A8C8 /* MBMoviePlayerViewController.m */; };
		8917769D1E63C8F70060A8C8 /* UIImageView+Gif.m in Sources */ = {isa = PBXBuildFile; fileRef = 891776971E63C8F70060A8C8 /* UIImageView+Gif.m */; };
		89EFD10A1E5FCEF900607373 /* main.m in Sources */ = {isa = PBXBuildFile; fileRef = 89EFD1091E5FCEF900607373 /* main.m */; };
		89EFD10D1E5FCEF900607373 /* AppDelegate.m in Sources */ = {isa = PBXBuildFile; fileRef = 89EFD10C1E5FCEF900607373 /* AppDelegate.m */; };
		89EFD1101E5FCEF900607373 /* ViewController.m in Sources */ = {isa = PBXBuildFile; fileRef = 89EFD10F1E5FCEF900607373 /* ViewController.m */; };
		89EFD1131E5FCEF900607373 /* Main.storyboard in Resources */ = {isa = PBXBuildFile; fileRef = 89EFD1111E5FCEF900607373 /* Main.storyboard */; };
		89EFD1151E5FCEF900607373 /* Assets.xcassets in Resources */ = {isa = PBXBuildFile; fileRef = 89EFD1141E5FCEF900607373 /* Assets.xcassets */; };
		89EFD1181E5FCEF900607373 /* LaunchScreen.storyboard in Resources */ = {isa = PBXBuildFile; fileRef = 89EFD1161E5FCEF900607373 /* LaunchScreen.storyboard */; };
/* End PBXBuildFile section */

/* Begin PBXFileReference section */
		891776851E63C8D10060A8C8 /* mb_laungh_placeholder.jpeg */ = {isa = PBXFileReference; lastKnownFileType = image.jpeg; path = mb_laungh_placeholder.jpeg; sourceTree = "<group>"; };
		891776861E63C8D10060A8C8 /* timg.gif */ = {isa = PBXFileReference; lastKnownFileType = image.gif; path = timg.gif; sourceTree = "<group>"; };
		891776871E63C8D10060A8C8 /* video.mp4 */ = {isa = PBXFileReference; lastKnownFileType = file; path = video.mp4; sourceTree = "<group>"; };
		8917768C1E63C8F70060A8C8 /* MBCustomProgressView.h */ = {isa = PBXFileReference; fileEncoding = 4; lastKnownFileType = sourcecode.c.h; path = MBCustomProgressView.h; sourceTree = "<group>"; };
		8917768D1E63C8F70060A8C8 /* MBCustomProgressView.m */ = {isa = PBXFileReference; fileEncoding = 4; lastKnownFileType = sourcecode.c.objc; path = MBCustomProgressView.m; sourceTree = "<group>"; };
		8917768E1E63C8F70060A8C8 /* MBFullScreenLaunghViewController.h */ = {isa = PBXFileReference; fileEncoding = 4; lastKnownFileType = sourcecode.c.h; path = MBFullScreenLaunghViewController.h; sourceTree = "<group>"; };
		8917768F1E63C8F70060A8C8 /* MBFullScreenLaunghViewController.m */ = {isa = PBXFileReference; fileEncoding = 4; lastKnownFileType = sourcecode.c.objc; path = MBFullScreenLaunghViewController.m; sourceTree = "<group>"; };
		891776901E63C8F70060A8C8 /* MBImageObject.h */ = {isa = PBXFileReference; fileEncoding = 4; lastKnownFileType = sourcecode.c.h; path = MBImageObject.h; sourceTree = "<group>"; };
		891776911E63C8F70060A8C8 /* MBImageObject.m */ = {isa = PBXFileReference; fileEncoding = 4; lastKnownFileType = sourcecode.c.objc; path = MBImageObject.m; sourceTree = "<group>"; };
		891776921E63C8F70060A8C8 /* MBImagesLaunghViewController.h */ = {isa = PBXFileReference; fileEncoding = 4; lastKnownFileType = sourcecode.c.h; path = MBImagesLaunghViewController.h; sourceTree = "<group>"; };
		891776931E63C8F70060A8C8 /* MBImagesLaunghViewController.m */ = {isa = PBXFileReference; fileEncoding = 4; lastKnownFileType = sourcecode.c.objc; path = MBImagesLaunghViewController.m; sourceTree = "<group>"; };
		891776941E63C8F70060A8C8 /* MBMoviePlayerViewController.h */ = {isa = PBXFileReference; fileEncoding = 4; lastKnownFileType = sourcecode.c.h; path = MBMoviePlayerViewController.h; sourceTree = "<group>"; };
		891776951E63C8F70060A8C8 /* MBMoviePlayerViewController.m */ = {isa = PBXFileReference; fileEncoding = 4; lastKnownFileType = sourcecode.c.objc; path = MBMoviePlayerViewController.m; sourceTree = "<group>"; };
		891776961E63C8F70060A8C8 /* UIImageView+Gif.h */ = {isa = PBXFileReference; fileEncoding = 4; lastKnownFileType = sourcecode.c.h; path = "UIImageView+Gif.h"; sourceTree = "<group>"; };
		891776971E63C8F70060A8C8 /* UIImageView+Gif.m */ = {isa = PBXFileReference; fileEncoding = 4; lastKnownFileType = sourcecode.c.objc; path = "UIImageView+Gif.m"; sourceTree = "<group>"; };
		89EFD1051E5FCEF900607373 /* MBFullScreenMovieDemo.app */ = {isa = PBXFileReference; explicitFileType = wrapper.application; includeInIndex = 0; path = MBFullScreenMovieDemo.app; sourceTree = BUILT_PRODUCTS_DIR; };
		89EFD1091E5FCEF900607373 /* main.m */ = {isa = PBXFileReference; lastKnownFileType = sourcecode.c.objc; path = main.m; sourceTree = "<group>"; };
		89EFD10B1E5FCEF900607373 /* AppDelegate.h */ = {isa = PBXFileReference; lastKnownFileType = sourcecode.c.h; path = AppDelegate.h; sourceTree = "<group>"; };
		89EFD10C1E5FCEF900607373 /* AppDelegate.m */ = {isa = PBXFileReference; lastKnownFileType = sourcecode.c.objc; path = AppDelegate.m; sourceTree = "<group>"; };
		89EFD10E1E5FCEF900607373 /* ViewController.h */ = {isa = PBXFileReference; lastKnownFileType = sourcecode.c.h; path = ViewController.h; sourceTree = "<group>"; };
		89EFD10F1E5FCEF900607373 /* ViewController.m */ = {isa = PBXFileReference; lastKnownFileType = sourcecode.c.objc; path = ViewController.m; sourceTree = "<group>"; };
		89EFD1121E5FCEF900607373 /* Base */ = {isa = PBXFileReference; lastKnownFileType = file.storyboard; name = Base; path = Base.lproj/Main.storyboard; sourceTree = "<group>"; };
		89EFD1141E5FCEF900607373 /* Assets.xcassets */ = {isa = PBXFileReference; lastKnownFileType = folder.assetcatalog; path = Assets.xcassets; sourceTree = "<group>"; };
		89EFD1171E5FCEF900607373 /* Base */ = {isa = PBXFileReference; lastKnownFileType = file.storyboard; name = Base; path = Base.lproj/LaunchScreen.storyboard; sourceTree = "<group>"; };
		89EFD1191E5FCEF900607373 /* Info.plist */ = {isa = PBXFileReference; lastKnownFileType = text.plist.xml; path = Info.plist; sourceTree = "<group>"; };
/* End PBXFileReference section */

/* Begin PBXFrameworksBuildPhase section */
		89EFD1021E5FCEF900607373 /* Frameworks */ = {
			isa = PBXFrameworksBuildPhase;
			buildActionMask = 2147483647;
			files = (
			);
			runOnlyForDeploymentPostprocessing = 0;
		};
/* End PBXFrameworksBuildPhase section */

/* Begin PBXGroup section */
		891776841E63C8D10060A8C8 /* sources */ = {
			isa = PBXGroup;
			children = (
				891776851E63C8D10060A8C8 /* mb_laungh_placeholder.jpeg */,
				891776861E63C8D10060A8C8 /* timg.gif */,
				891776871E63C8D10060A8C8 /* video.mp4 */,
			);
			path = sources;
			sourceTree = "<group>";
		};
		8917768B1E63C8F70060A8C8 /* MBLaunghViewController */ = {
			isa = PBXGroup;
			children = (
				8917768C1E63C8F70060A8C8 /* MBCustomProgressView.h */,
				8917768D1E63C8F70060A8C8 /* MBCustomProgressView.m */,
				8917768E1E63C8F70060A8C8 /* MBFullScreenLaunghViewController.h */,
				8917768F1E63C8F70060A8C8 /* MBFullScreenLaunghViewController.m */,
				891776901E63C8F70060A8C8 /* MBImageObject.h */,
				891776911E63C8F70060A8C8 /* MBImageObject.m */,
				891776921E63C8F70060A8C8 /* MBImagesLaunghViewController.h */,
				891776931E63C8F70060A8C8 /* MBImagesLaunghViewController.m */,
				891776941E63C8F70060A8C8 /* MBMoviePlayerViewController.h */,
				891776951E63C8F70060A8C8 /* MBMoviePlayerViewController.m */,
				891776961E63C8F70060A8C8 /* UIImageView+Gif.h */,
				891776971E63C8F70060A8C8 /* UIImageView+Gif.m */,
			);
			path = MBLaunghViewController;
			sourceTree = "<group>";
		};
		89EFD0FC1E5FCEF900607373 = {
			isa = PBXGroup;
			children = (
				89EFD1071E5FCEF900607373 /* MBFullScreenMovieDemo */,
				89EFD1061E5FCEF900607373 /* Products */,
			);
			sourceTree = "<group>";
		};
		89EFD1061E5FCEF900607373 /* Products */ = {
			isa = PBXGroup;
			children = (
				89EFD1051E5FCEF900607373 /* MBFullScreenMovieDemo.app */,
			);
			name = Products;
			sourceTree = "<group>";
		};
		89EFD1071E5FCEF900607373 /* MBFullScreenMovieDemo */ = {
			isa = PBXGroup;
			children = (
				89EFD10B1E5FCEF900607373 /* AppDelegate.h */,
				89EFD10C1E5FCEF900607373 /* AppDelegate.m */,
				89EFD10E1E5FCEF900607373 /* ViewController.h */,
				89EFD10F1E5FCEF900607373 /* ViewController.m */,
				89EFD1111E5FCEF900607373 /* Main.storyboard */,
				8917768B1E63C8F70060A8C8 /* MBLaunghViewController */,
				891776841E63C8D10060A8C8 /* sources */,
				89EFD1141E5FCEF900607373 /* Assets.xcassets */,
				89EFD1161E5FCEF900607373 /* LaunchScreen.storyboard */,
				89EFD1191E5FCEF900607373 /* Info.plist */,
				89EFD1081E5FCEF900607373 /* Supporting Files */,
			);
			path = MBFullScreenMovieDemo;
			sourceTree = "<group>";
		};
		89EFD1081E5FCEF900607373 /* Supporting Files */ = {
			isa = PBXGroup;
			children = (
				89EFD1091E5FCEF900607373 /* main.m */,
			);
			name = "Supporting Files";
			sourceTree = "<group>";
		};
/* End PBXGroup section */

/* Begin PBXNativeTarget section */
		89EFD1041E5FCEF900607373 /* MBFullScreenMovieDemo */ = {
			isa = PBXNativeTarget;
			buildConfigurationList = 89EFD11C1E5FCEF900607373 /* Build configuration list for PBXNativeTarget "MBFullScreenMovieDemo" */;
			buildPhases = (
				89EFD1011E5FCEF900607373 /* Sources */,
				89EFD1021E5FCEF900607373 /* Frameworks */,
				89EFD1031E5FCEF900607373 /* Resources */,
			);
			buildRules = (
			);
			dependencies = (
			);
			name = MBFullScreenMovieDemo;
			productName = MBFullScreenMovieDemo;
			productReference = 89EFD1051E5FCEF900607373 /* MBFullScreenMovieDemo.app */;
			productType = "com.apple.product-type.application";
		};
/* End PBXNativeTarget section */

/* Begin PBXProject section */
		89EFD0FD1E5FCEF900607373 /* Project object */ = {
			isa = PBXProject;
			attributes = {
				LastUpgradeCheck = 0820;
				ORGANIZATIONNAME = Yuri;
				TargetAttributes = {
					89EFD1041E5FCEF900607373 = {
						CreatedOnToolsVersion = 8.2.1;
						DevelopmentTeam = P3946UUK47;
						ProvisioningStyle = Automatic;
					};
				};
			};
			buildConfigurationList = 89EFD1001E5FCEF900607373 /* Build configuration list for PBXProject "MBFullScreenMovieDemo" */;
			compatibilityVersion = "Xcode 3.2";
			developmentRegion = English;
			hasScannedForEncodings = 0;
			knownRegions = (
				en,
				Base,
			);
			mainGroup = 89EFD0FC1E5FCEF900607373;
			productRefGroup = 89EFD1061E5FCEF900607373 /* Products */;
			projectDirPath = "";
			projectRoot = "";
			targets = (
				89EFD1041E5FCEF900607373 /* MBFullScreenMovieDemo */,
			);
		};
/* End PBXProject section */

/* Begin PBXResourcesBuildPhase section */
		89EFD1031E5FCEF900607373 /* Resources */ = {
			isa = PBXResourcesBuildPhase;
			buildActionMask = 2147483647;
			files = (
				89EFD1181E5FCEF900607373 /* LaunchScreen.storyboard in Resources */,
				89EFD1151E5FCEF900607373 /* Assets.xcassets in Resources */,
				891776881E63C8D10060A8C8 /* mb_laungh_placeholder.jpeg in Resources */,
				89EFD1131E5FCEF900607373 /* Main.storyboard in Resources */,
				8917768A1E63C8D10060A8C8 /* video.mp4 in Resources */,
				891776891E63C8D10060A8C8 /* timg.gif in Resources */,
			);
			runOnlyForDeploymentPostprocessing = 0;
		};
/* End PBXResourcesBuildPhase section */

/* Begin PBXSourcesBuildPhase section */
		89EFD1011E5FCEF900607373 /* Sources */ = {
			isa = PBXSourcesBuildPhase;
			buildActionMask = 2147483647;
			files = (
				8917769B1E63C8F70060A8C8 /* MBImagesLaunghViewController.m in Sources */,
				891776991E63C8F70060A8C8 /* MBFullScreenLaunghViewController.m in Sources */,
				89EFD1101E5FCEF900607373 /* ViewController.m in Sources */,
				8917769A1E63C8F70060A8C8 /* MBImageObject.m in Sources */,
				8917769C1E63C8F70060A8C8 /* MBMoviePlayerViewController.m in Sources */,
				89EFD10D1E5FCEF900607373 /* AppDelegate.m in Sources */,
				89EFD10A1E5FCEF900607373 /* main.m in Sources */,
				8917769D1E63C8F70060A8C8 /* UIImageView+Gif.m in Sources */,
				891776981E63C8F70060A8C8 /* MBCustomProgressView.m in Sources */,
			);
			runOnlyForDeploymentPostprocessing = 0;
		};
/* End PBXSourcesBuildPhase section */

/* Begin PBXVariantGroup section */
		89EFD1111E5FCEF900607373 /* Main.storyboard */ = {
			isa = PBXVariantGroup;
			children = (
				89EFD1121E5FCEF900607373 /* Base */,
			);
			name = Main.storyboard;
			sourceTree = "<group>";
		};
		89EFD1161E5FCEF900607373 /* LaunchScreen.storyboard */ = {
			isa = PBXVariantGroup;
			children = (
				89EFD1171E5FCEF900607373 /* Base */,
			);
			name = LaunchScreen.storyboard;
			sourceTree = "<group>";
		};
/* End PBXVariantGroup section */

/* Begin XCBuildConfiguration section */
		89EFD11A1E5FCEF900607373 /* Debug */ = {
			isa = XCBuildConfiguration;
			buildSettings = {
				ALWAYS_SEARCH_USER_PATHS = NO;
				CLANG_ANALYZER_NONNULL = YES;
				CLANG_CXX_LANGUAGE_STANDARD = "gnu++0x";
				CLANG_CXX_LIBRARY = "libc++";
				CLANG_ENABLE_MODULES = YES;
				CLANG_ENABLE_OBJC_ARC = YES;
				CLANG_WARN_BOOL_CONVERSION = YES;
				CLANG_WARN_CONSTANT_CONVERSION = YES;
				CLANG_WARN_DIRECT_OBJC_ISA_USAGE = YES_ERROR;
				CLANG_WARN_DOCUMENTATION_COMMENTS = YES;
				CLANG_WARN_EMPTY_BODY = YES;
				CLANG_WARN_ENUM_CONVERSION = YES;
				CLANG_WARN_INFINITE_RECURSION = YES;
				CLANG_WARN_INT_CONVERSION = YES;
				CLANG_WARN_OBJC_ROOT_CLASS = YES_ERROR;
				CLANG_WARN_SUSPICIOUS_MOVE = YES;
				CLANG_WARN_UNREACHABLE_CODE = YES;
				CLANG_WARN__DUPLICATE_METHOD_MATCH = YES;
				"CODE_SIGN_IDENTITY[sdk=iphoneos*]" = "iPhone Developer";
				COPY_PHASE_STRIP = NO;
				DEBUG_INFORMATION_FORMAT = dwarf;
				ENABLE_STRICT_OBJC_MSGSEND = YES;
				ENABLE_TESTABILITY = YES;
				GCC_C_LANGUAGE_STANDARD = gnu99;
				GCC_DYNAMIC_NO_PIC = NO;
				GCC_NO_COMMON_BLOCKS = YES;
				GCC_OPTIMIZATION_LEVEL = 0;
				GCC_PREPROCESSOR_DEFINITIONS = (
					"DEBUG=1",
					"$(inherited)",
				);
				GCC_WARN_64_TO_32_BIT_CONVERSION = YES;
				GCC_WARN_ABOUT_RETURN_TYPE = YES_ERROR;
				GCC_WARN_UNDECLARED_SELECTOR = YES;
				GCC_WARN_UNINITIALIZED_AUTOS = YES_AGGRESSIVE;
				GCC_WARN_UNUSED_FUNCTION = YES;
				GCC_WARN_UNUSED_VARIABLE = YES;
				IPHONEOS_DEPLOYMENT_TARGET = 10.2;
				MTL_ENABLE_DEBUG_INFO = YES;
				ONLY_ACTIVE_ARCH = YES;
				SDKROOT = iphoneos;
				TARGETED_DEVICE_FAMILY = "1,2";
			};
			name = Debug;
		};
		89EFD11B1E5FCEF900607373 /* Release */ = {
			isa = XCBuildConfiguration;
			buildSettings = {
				ALWAYS_SEARCH_USER_PATHS = NO;
				CLANG_ANALYZER_NONNULL = YES;
				CLANG_CXX_LANGUAGE_STANDARD = "gnu++0x";
				CLANG_CXX_LIBRARY = "libc++";
				CLANG_ENABLE_MODULES = YES;
				CLANG_ENABLE_OBJC_ARC = YES;
				CLANG_WARN_BOOL_CONVERSION = YES;
				CLANG_WARN_CONSTANT_CONVERSION = YES;
				CLANG_WARN_DIRECT_OBJC_ISA_USAGE = YES_ERROR;
				CLANG_WARN_DOCUMENTATION_COMMENTS = YES;
				CLANG_WARN_EMPTY_BODY = YES;
				CLANG_WARN_ENUM_CONVERSION = YES;
				CLANG_WARN_INFINITE_RECURSION = YES;
				CLANG_WARN_INT_CONVERSION = YES;
				CLANG_WARN_OBJC_ROOT_CLASS = YES_ERROR;
				CLANG_WARN_SUSPICIOUS_MOVE = YES;
				CLANG_WARN_UNREACHABLE_CODE = YES;
				CLANG_WARN__DUPLICATE_METHOD_MATCH = YES;
				"CODE_SIGN_IDENTITY[sdk=iphoneos*]" = "iPhone Developer";
				COPY_PHASE_STRIP = NO;
				DEBUG_INFORMATION_FORMAT = "dwarf-with-dsym";
				ENABLE_NS_ASSERTIONS = NO;
				ENABLE_STRICT_OBJC_MSGSEND = YES;
				GCC_C_LANGUAGE_STANDARD = gnu99;
				GCC_NO_COMMON_BLOCKS = YES;
				GCC_WARN_64_TO_32_BIT_CONVERSION = YES;
				GCC_WARN_ABOUT_RETURN_TYPE = YES_ERROR;
				GCC_WARN_UNDECLARED_SELECTOR = YES;
				GCC_WARN_UNINITIALIZED_AUTOS = YES_AGGRESSIVE;
				GCC_WARN_UNUSED_FUNCTION = YES;
				GCC_WARN_UNUSED_VARIABLE = YES;
				IPHONEOS_DEPLOYMENT_TARGET = 10.2;
				MTL_ENABLE_DEBUG_INFO = NO;
				SDKROOT = iphoneos;
				TARGETED_DEVICE_FAMILY = "1,2";
				VALIDATE_PRODUCT = YES;
			};
			name = Release;
		};
		89EFD11D1E5FCEF900607373 /* Debug */ = {
			isa = XCBuildConfiguration;
			buildSettings = {
				ASSETCATALOG_COMPILER_APPICON_NAME = AppIcon;
				DEVELOPMENT_TEAM = P3946UUK47;
				INFOPLIST_FILE = MBFullScreenMovieDemo/Info.plist;
				LD_RUNPATH_SEARCH_PATHS = "$(inherited) @executable_path/Frameworks";
				PRODUCT_BUNDLE_IDENTIFIER = com.Yuri.MBFullScreenMovieDemo;
				PRODUCT_NAME = "$(TARGET_NAME)";
			};
			name = Debug;
		};
		89EFD11E1E5FCEF900607373 /* Release */ = {
			isa = XCBuildConfiguration;
			buildSettings = {
				ASSETCATALOG_COMPILER_APPICON_NAME = AppIcon;
				DEVELOPMENT_TEAM = P3946UUK47;
				INFOPLIST_FILE = MBFullScreenMovieDemo/Info.plist;
				LD_RUNPATH_SEARCH_PATHS = "$(inherited) @executable_path/Frameworks";
				PRODUCT_BUNDLE_IDENTIFIER = com.Yuri.MBFullScreenMovieDemo;
				PRODUCT_NAME = "$(TARGET_NAME)";
			};
			name = Release;
		};
/* End XCBuildConfiguration section */

/* Begin XCConfigurationList section */
		89EFD1001E5FCEF900607373 /* Build configuration list for PBXProject "MBFullScreenMovieDemo" */ = {
			isa = XCConfigurationList;
			buildConfigurations = (
				89EFD11A1E5FCEF900607373 /* Debug */,
				89EFD11B1E5FCEF900607373 /* Release */,
			);
			defaultConfigurationIsVisible = 0;
			defaultConfigurationName = Release;
		};
		89EFD11C1E5FCEF900607373 /* Build configuration list for PBXNativeTarget "MBFullScreenMovieDemo" */ = {
			isa = XCConfigurationList;
			buildConfigurations = (
				89EFD11D1E5FCEF900607373 /* Debug */,
				89EFD11E1E5FCEF900607373 /* Release */,
			);
			defaultConfigurationIsVisible = 0;
			defaultConfigurationName = Release;
		};
/* End XCConfigurationList section */
	};
	rootObject = 89EFD0FD1E5FCEF900607373 /* Project object */;
}
